
Microsoft Visual Studio Solution File, Format Version 12.00
# Visual Studio Version 16
VisualStudioVersion = 16.0.28711.60
MinimumVisualStudioVersion = 10.0.40219.1
Project("{9A19103F-16F7-4668-BE54-9A1E7A4F7556}") = "WalletServiceApi", "WalletService\WalletServiceApi.csproj", "{CC176900-1919-4FEF-AC29-80EF0295C8C5}"
EndProject
Project("{9A19103F-16F7-4668-BE54-9A1E7A4F7556}") = "NBitcoin.Wicc", "NBitcoin.Wicc\NBitcoin.Wicc.csproj", "{3FD87F87-D96E-43AA-8788-FF81D5E01B40}"
EndProject
Project("{FAE04EC0-301F-11D3-BF4B-00C04F79EFBC}") = "waykicoind-api-models", "waykicoind-api-models\waykicoind-api-models.csproj", "{CADC9ABF-7256-4F82-B9EF-4BF11F4DAE8F}"
EndProject
Global
	GlobalSection(SolutionConfigurationPlatforms) = preSolution
		Debug|Any CPU = Debug|Any CPU
		Release|Any CPU = Release|Any CPU
	EndGlobalSection
	GlobalSection(ProjectConfigurationPlatforms) = postSolution
		{CC176900-1919-4FEF-AC29-80EF0295C8C5}.Debug|Any CPU.ActiveCfg = Debug|Any CPU
		{CC176900-1919-4FEF-AC29-80EF0295C8C5}.Debug|Any CPU.Build.0 = Debug|Any CPU
		{CC176900-1919-4FEF-AC29-80EF0295C8C5}.Release|Any CPU.ActiveCfg = Release|Any CPU
		{CC176900-1919-4FEF-AC29-80EF0295C8C5}.Release|Any CPU.Build.0 = Release|Any CPU
		{3FD87F87-D96E-43AA-8788-FF81D5E01B40}.Debug|Any CPU.ActiveCfg = Debug|Any CPU
		{3FD87F87-D96E-43AA-8788-FF81D5E01B40}.Debug|Any CPU.Build.0 = Debug|Any CPU
		{3FD87F87-D96E-43AA-8788-FF81D5E01B40}.Release|Any CPU.ActiveCfg = Release|Any CPU
		{3FD87F87-D96E-43AA-8788-FF81D5E01B40}.Release|Any CPU.Build.0 = Release|Any CPU
		{CADC9ABF-7256-4F82-B9EF-4BF11F4DAE8F}.Debug|Any CPU.ActiveCfg = Debug|Any CPU
		{CADC9ABF-7256-4F82-B9EF-4BF11F4DAE8F}.Debug|Any CPU.Build.0 = Debug|Any CPU
		{CADC9ABF-7256-4F82-B9EF-4BF11F4DAE8F}.Release|Any CPU.ActiveCfg = Release|Any CPU
		{CADC9ABF-7256-4F82-B9EF-4BF11F4DAE8F}.Release|Any CPU.Build.0 = Release|Any CPU
	EndGlobalSection
	GlobalSection(SolutionProperties) = preSolution
		HideSolutionNode = FALSE
	EndGlobalSection
	GlobalSection(ExtensibilityGlobals) = postSolution
		SolutionGuid = {F19356EE-434B-40D4-90DA-4E612A432B7E}
	EndGlobalSection
EndGlobal
